{
  "name": "nodejs",
  "version": "1.0.0",
  "lockfileVersion": 2,
  "requires": true,
  "packages": {
    "": {
      "dependencies": {
        "@prisma/client": "^5.2.0"
      }
    },
    "node_modules/@prisma/client": {
      "version": "5.2.0",
      "resolved": "https://registry.npmjs.org/@prisma/client/-/client-5.2.0.tgz",
      "integrity": "sha512-AiTjJwR4J5Rh6Z/9ZKrBBLel3/5DzUNntMohOy7yObVnVoTNVFi2kvpLZlFuKO50d7yDspOtW6XBpiAd0BVXbQ==",
      "hasInstallScript": true,
      "dependencies": {
        "@prisma/engines-version": "5.2.0-25.2804dc98259d2ea960602aca6b8e7fdc03c1758f"
      },
      "engines": {
        "node": ">=16.13"
      },
      "peerDependencies": {
        "prisma": "*"
      },
      "peerDependenciesMeta": {
        "prisma": {
          "optional": true
        }
      }
    },
    "node_modules/@prisma/engines": {
      "version": "5.1.0",
      "resolved": "https://registry.npmjs.org/@prisma/engines/-/engines-5.1.0.tgz",
      "integrity": "sha512-HqaFsnPmZOdMWkPq6tT2eTVTQyaAXEDdKszcZ4yc7DGMBIYRP6j/zAJTtZUG9SsMV8FaucdL5vRyxY/p5Ni28g==",
      "hasInstallScript": true,
      "optional": true,
      "peer": true
    },
    "node_modules/@prisma/engines-version": {
      "version": "5.2.0-25.2804dc98259d2ea960602aca6b8e7fdc03c1758f",
      "resolved": "https://registry.npmjs.org/@prisma/engines-version/-/engines-version-5.2.0-25.2804dc98259d2ea960602aca6b8e7fdc03c1758f.tgz",
      "integrity": "sha512-jsnKT5JIDIE01lAeCj2ghY9IwxkedhKNvxQeoyLs6dr4ZXynetD0vTy7u6wMJt8vVPv8I5DPy/I4CFaoXAgbtg=="
    },
    "node_modules/prisma": {
      "version": "5.1.0",
      "resolved": "https://registry.npmjs.org/prisma/-/prisma-5.1.0.tgz",
      "integrity": "sha512-wkXvh+6wxk03G8qwpZMOed4Y3j+EQ+bMTlvbDZHeal6k1E8QuGKzRO7DRXlE1NV0WNgOAas8kwZqcLETQ2+BiQ==",
      "hasInstallScript": true,
      "optional": true,
      "peer": true,
      "dependencies": {
        "@prisma/engines": "5.1.0"
      },
      "bin": {
        "prisma": "build/index.js"
      },
      "engines": {
        "node": ">=16.13"
      }
    }
  },
  "dependencies": {
    "@prisma/client": {
      "version": "5.2.0",
      "resolved": "https://registry.npmjs.org/@prisma/client/-/client-5.2.0.tgz",
      "integrity": "sha512-AiTjJwR4J5Rh6Z/9ZKrBBLel3/5DzUNntMohOy7yObVnVoTNVFi2kvpLZlFuKO50d7yDspOtW6XBpiAd0BVXbQ==",
      "requires": {
        "@prisma/engines-version": "5.2.0-25.2804dc98259d2ea960602aca6b8e7fdc03c1758f"
      }
    },
    "@prisma/engines": {
      "version": "5.1.0",
      "resolved": "https://registry.npmjs.org/@prisma/engines/-/engines-5.1.0.tgz",
      "integrity": "sha512-HqaFsnPmZOdMWkPq6tT2eTVTQyaAXEDdKszcZ4yc7DGMBIYRP6j/zAJTtZUG9SsMV8FaucdL5vRyxY/p5Ni28g==",
      "optional": true,
      "peer": true
    },
    "@prisma/engines-version": {
      "version": "5.2.0-25.2804dc98259d2ea960602aca6b8e7fdc03c1758f",
      "resolved": "https://registry.npmjs.org/@prisma/engines-version/-/engines-version-5.2.0-25.2804dc98259d2ea960602aca6b8e7fdc03c1758f.tgz",
      "integrity": "sha512-jsnKT5JIDIE01lAeCj2ghY9IwxkedhKNvxQeoyLs6dr4ZXynetD0vTy7u6wMJt8vVPv8I5DPy/I4CFaoXAgbtg=="
    },
    "prisma": {
      "version": "5.1.0",
      "resolved": "https://registry.npmjs.org/prisma/-/prisma-5.1.0.tgz",
      "integrity": "sha512-wkXvh+6wxk03G8qwpZMOed4Y3j+EQ+bMTlvbDZHeal6k1E8QuGKzRO7DRXlE1NV0WNgOAas8kwZqcLETQ2+BiQ==",
      "optional": true,
      "peer": true,
      "requires": {
        "@prisma/engines": "5.1.0"
      }
    }
  }
}
